// !$*UTF8*$!
{
	archiveVersion = 1;
	classes = {
	};
	objectVersion = 50;
	objects = {

/* Begin PBXBuildFile section */
		943FC2EE23E1B9B500F62A54 /* AppDelegate.swift in Sources */ = {isa = PBXBuildFile; fileRef = 943FC2ED23E1B9B500F62A54 /* AppDelegate.swift */; };
		943FC2F023E1B9B500F62A54 /* SceneDelegate.swift in Sources */ = {isa = PBXBuildFile; fileRef = 943FC2EF23E1B9B500F62A54 /* SceneDelegate.swift */; };
		943FC2F223E1B9B500F62A54 /* ViewController.swift in Sources */ = {isa = PBXBuildFile; fileRef = 943FC2F123E1B9B500F62A54 /* ViewController.swift */; };
		943FC2F523E1B9B500F62A54 /* Main.storyboard in Resources */ = {isa = PBXBuildFile; fileRef = 943FC2F323E1B9B500F62A54 /* Main.storyboard */; };
		943FC2F723E1B9B800F62A54 /* Assets.xcassets in Resources */ = {isa = PBXBuildFile; fileRef = 943FC2F623E1B9B800F62A54 /* Assets.xcassets */; };
		943FC2FA23E1B9B800F62A54 /* LaunchScreen.storyboard in Resources */ = {isa = PBXBuildFile; fileRef = 943FC2F823E1B9B800F62A54 /* LaunchScreen.storyboard */; };
		943FC30223E1BDFD00F62A54 /* AthkarViewController.swift in Sources */ = {isa = PBXBuildFile; fileRef = 943FC30123E1BDFD00F62A54 /* AthkarViewController.swift */; };
		943FC30423E1BE1000F62A54 /* AboutMeViewController.swift in Sources */ = {isa = PBXBuildFile; fileRef = 943FC30323E1BE1000F62A54 /* AboutMeViewController.swift */; };
		943FC30623E1BE1E00F62A54 /* MainAthkarViewController.swift in Sources */ = {isa = PBXBuildFile; fileRef = 943FC30523E1BE1E00F62A54 /* MainAthkarViewController.swift */; };
		943FC30823E1C18300F62A54 /* AppListViewController.swift in Sources */ = {isa = PBXBuildFile; fileRef = 943FC30723E1C18300F62A54 /* AppListViewController.swift */; };
/* End PBXBuildFile section */

/* Begin PBXFileReference section */
		943FC2EA23E1B9B500F62A54 /* myPortifolioIOS.app */ = {isa = PBXFileReference; explicitFileType = wrapper.application; includeInIndex = 0; path = myPortifolioIOS.app; sourceTree = BUILT_PRODUCTS_DIR; };
		943FC2ED23E1B9B500F62A54 /* AppDelegate.swift */ = {isa = PBXFileReference; lastKnownFileType = sourcecode.swift; path = AppDelegate.swift; sourceTree = "<group>"; };
		943FC2EF23E1B9B500F62A54 /* SceneDelegate.swift */ = {isa = PBXFileReference; lastKnownFileType = sourcecode.swift; path = SceneDelegate.swift; sourceTree = "<group>"; };
		943FC2F123E1B9B500F62A54 /* ViewController.swift */ = {isa = PBXFileReference; lastKnownFileType = sourcecode.swift; path = ViewController.swift; sourceTree = "<group>"; };
		943FC2F423E1B9B500F62A54 /* Base */ = {isa = PBXFileReference; lastKnownFileType = file.storyboard; name = Base; path = Base.lproj/Main.storyboard; sourceTree = "<group>"; };
		943FC2F623E1B9B800F62A54 /* Assets.xcassets */ = {isa = PBXFileReference; lastKnownFileType = folder.assetcatalog; path = Assets.xcassets; sourceTree = "<group>"; };
		943FC2F923E1B9B800F62A54 /* Base */ = {isa = PBXFileReference; lastKnownFileType = file.storyboard; name = Base; path = Base.lproj/LaunchScreen.storyboard; sourceTree = "<group>"; };
		943FC2FB23E1B9B800F62A54 /* Info.plist */ = {isa = PBXFileReference; lastKnownFileType = text.plist.xml; path = Info.plist; sourceTree = "<group>"; };
		943FC30123E1BDFD00F62A54 /* AthkarViewController.swift */ = {isa = PBXFileReference; fileEncoding = 4; lastKnownFileType = sourcecode.swift; name = AthkarViewController.swift; path = ../../AthkarApp/AthkarApp/AthkarViewController.swift; sourceTree = "<group>"; };
		943FC30323E1BE1000F62A54 /* AboutMeViewController.swift */ = {isa = PBXFileReference; fileEncoding = 4; lastKnownFileType = sourcecode.swift; name = AboutMeViewController.swift; path = ../../AthkarApp/AthkarApp/AboutMeViewController.swift; sourceTree = "<group>"; };
		943FC30523E1BE1E00F62A54 /* MainAthkarViewController.swift */ = {isa = PBXFileReference; fileEncoding = 4; lastKnownFileType = sourcecode.swift; name = MainAthkarViewController.swift; path = ../../AthkarApp/AthkarApp/MainAthkarViewController.swift; sourceTree = "<group>"; };
		943FC30723E1C18300F62A54 /* AppListViewController.swift */ = {isa = PBXFileReference; lastKnownFileType = sourcecode.swift; path = AppListViewController.swift; sourceTree = "<group>"; };
/* End PBXFileReference section */

/* Begin PBXFrameworksBuildPhase section */
		943FC2E723E1B9B500F62A54 /* Frameworks */ = {
			isa = PBXFrameworksBuildPhase;
			buildActionMask = 2147483647;
			files = (
			);
			runOnlyForDeploymentPostprocessing = 0;
		};
/* End PBXFrameworksBuildPhase section */

/* Begin PBXGroup section */
		943FC2E123E1B9B500F62A54 = {
			isa = PBXGroup;
			children = (
				943FC2EC23E1B9B500F62A54 /* myPortifolioIOS */,
				943FC2EB23E1B9B500F62A54 /* Products */,
			);
			sourceTree = "<group>";
		};
		943FC2EB23E1B9B500F62A54 /* Products */ = {
			isa = PBXGroup;
			children = (
				943FC2EA23E1B9B500F62A54 /* myPortifolioIOS.app */,
			);
			name = Products;
			sourceTree = "<group>";
		};
		943FC2EC23E1B9B500F62A54 /* myPortifolioIOS */ = {
			isa = PBXGroup;
			children = (
				943FC2ED23E1B9B500F62A54 /* AppDelegate.swift */,
				943FC2EF23E1B9B500F62A54 /* SceneDelegate.swift */,
				943FC2F123E1B9B500F62A54 /* ViewController.swift */,
				943FC30723E1C18300F62A54 /* AppListViewController.swift */,
				943FC2F323E1B9B500F62A54 /* Main.storyboard */,
				943FC30123E1BDFD00F62A54 /* AthkarViewController.swift */,
				943FC30523E1BE1E00F62A54 /* MainAthkarViewController.swift */,
				943FC30323E1BE1000F62A54 /* AboutMeViewController.swift */,
				943FC2F623E1B9B800F62A54 /* Assets.xcassets */,
				943FC2F823E1B9B800F62A54 /* LaunchScreen.storyboard */,
				943FC2FB23E1B9B800F62A54 /* Info.plist */,
			);
			path = myPortifolioIOS;
			sourceTree = "<group>";
		};
/* End PBXGroup section */

/* Begin PBXNativeTarget section */
		943FC2E923E1B9B500F62A54 /* myPortifolioIOS */ = {
			isa = PBXNativeTarget;
			buildConfigurationList = 943FC2FE23E1B9B800F62A54 /* Build configuration list for PBXNativeTarget "myPortifolioIOS" */;
			buildPhases = (
				943FC2E623E1B9B500F62A54 /* Sources */,
				943FC2E723E1B9B500F62A54 /* Frameworks */,
				943FC2E823E1B9B500F62A54 /* Resources */,
			);
			buildRules = (
			);
			dependencies = (
			);
			name = myPortifolioIOS;
			productName = myPortifolioIOS;
			productReference = 943FC2EA23E1B9B500F62A54 /* myPortifolioIOS.app */;
			productType = "com.apple.product-type.application";
		};
/* End PBXNativeTarget section */

/* Begin PBXProject section */
		943FC2E223E1B9B500F62A54 /* Project object */ = {
			isa = PBXProject;
			attributes = {
				LastSwiftUpdateCheck = 1130;
				LastUpgradeCheck = 1130;
				ORGANIZATIONNAME = Abdullah;
				TargetAttributes = {
					943FC2E923E1B9B500F62A54 = {
						CreatedOnToolsVersion = 11.3.1;
					};
				};
			};
			buildConfigurationList = 943FC2E523E1B9B500F62A54 /* Build configuration list for PBXProject "myPortifolioIOS" */;
			compatibilityVersion = "Xcode 9.3";
			developmentRegion = en;
			hasScannedForEncodings = 0;
			knownRegions = (
				en,
				Base,
			);
			mainGroup = 943FC2E123E1B9B500F62A54;
			productRefGroup = 943FC2EB23E1B9B500F62A54 /* Products */;
			projectDirPath = "";
			projectRoot = "";
			targets = (
				943FC2E923E1B9B500F62A54 /* myPortifolioIOS */,
			);
		};
/* End PBXProject section */

/* Begin PBXResourcesBuildPhase section */
		943FC2E823E1B9B500F62A54 /* Resources */ = {
			isa = PBXResourcesBuildPhase;
			buildActionMask = 2147483647;
			files = (
				943FC2FA23E1B9B800F62A54 /* LaunchScreen.storyboard in Resources */,
				943FC2F723E1B9B800F62A54 /* Assets.xcassets in Resources */,
				943FC2F523E1B9B500F62A54 /* Main.storyboard in Resources */,
			);
			runOnlyForDeploymentPostprocessing = 0;
		};
/* End PBXResourcesBuildPhase section */

/* Begin PBXSourcesBuildPhase section */
		943FC2E623E1B9B500F62A54 /* Sources */ = {
			isa = PBXSourcesBuildPhase;
			buildActionMask = 2147483647;
			files = (
				943FC30623E1BE1E00F62A54 /* MainAthkarViewController.swift in Sources */,
				943FC2F223E1B9B500F62A54 /* ViewController.swift in Sources */,
				943FC30423E1BE1000F62A54 /* AboutMeViewController.swift in Sources */,
				943FC2EE23E1B9B500F62A54 /* AppDelegate.swift in Sources */,
				943FC2F023E1B9B500F62A54 /* SceneDelegate.swift in Sources */,
				943FC30823E1C18300F62A54 /* AppListViewController.swift in Sources */,
				943FC30223E1BDFD00F62A54 /* AthkarViewController.swift in Sources */,
			);
			runOnlyForDeploymentPostprocessing = 0;
		};
/* End PBXSourcesBuildPhase section */

/* Begin PBXVariantGroup section */
		943FC2F323E1B9B500F62A54 /* Main.storyboard */ = {
			isa = PBXVariantGroup;
			children = (
				943FC2F423E1B9B500F62A54 /* Base */,
			);
			name = Main.storyboard;
			sourceTree = "<group>";
		};
		943FC2F823E1B9B800F62A54 /* LaunchScreen.storyboard */ = {
			isa = PBXVariantGroup;
			children = (
				943FC2F923E1B9B800F62A54 /* Base */,
			);
			name = LaunchScreen.storyboard;
			sourceTree = "<group>";
		};
/* End PBXVariantGroup section */

/* Begin XCBuildConfiguration section */
		943FC2FC23E1B9B800F62A54 /* Debug */ = {
			isa = XCBuildConfiguration;
			buildSettings = {
				ALWAYS_SEARCH_USER_PATHS = NO;
				CLANG_ANALYZER_NONNULL = YES;
				CLANG_ANALYZER_NUMBER_OBJECT_CONVERSION = YES_AGGRESSIVE;
				CLANG_CXX_LANGUAGE_STANDARD = "gnu++14";
				CLANG_CXX_LIBRARY = "libc++";
				CLANG_ENABLE_MODULES = YES;
				CLANG_ENABLE_OBJC_ARC = YES;
				CLANG_ENABLE_OBJC_WEAK = YES;
				CLANG_WARN_BLOCK_CAPTURE_AUTORELEASING = YES;
				CLANG_WARN_BOOL_CONVERSION = YES;
				CLANG_WARN_COMMA = YES;
				CLANG_WARN_CONSTANT_CONVERSION = YES;
				CLANG_WARN_DEPRECATED_OBJC_IMPLEMENTATIONS = YES;
				CLANG_WARN_DIRECT_OBJC_ISA_USAGE = YES_ERROR;
				CLANG_WARN_DOCUMENTATION_COMMENTS = YES;
				CLANG_WARN_EMPTY_BODY = YES;
				CLANG_WARN_ENUM_CONVERSION = YES;
				CLANG_WARN_INFINITE_RECURSION = YES;
				CLANG_WARN_INT_CONVERSION = YES;
				CLANG_WARN_NON_LITERAL_NULL_CONVERSION = YES;
				CLANG_WARN_OBJC_IMPLICIT_RETAIN_SELF = YES;
				CLANG_WARN_OBJC_LITERAL_CONVERSION = YES;
				CLANG_WARN_OBJC_ROOT_CLASS = YES_ERROR;
				CLANG_WARN_RANGE_LOOP_ANALYSIS = YES;
				CLANG_WARN_STRICT_PROTOTYPES = YES;
				CLANG_WARN_SUSPICIOUS_MOVE = YES;
				CLANG_WARN_UNGUARDED_AVAILABILITY = YES_AGGRESSIVE;
				CLANG_WARN_UNREACHABLE_CODE = YES;
				CLANG_WARN__DUPLICATE_METHOD_MATCH = YES;
				COPY_PHASE_STRIP = NO;
				DEBUG_INFORMATION_FORMAT = dwarf;
				ENABLE_STRICT_OBJC_MSGSEND = YES;
				ENABLE_TESTABILITY = YES;
				GCC_C_LANGUAGE_STANDARD = gnu11;
				GCC_DYNAMIC_NO_PIC = NO;
				GCC_NO_COMMON_BLOCKS = YES;
				GCC_OPTIMIZATION_LEVEL = 0;
				GCC_PREPROCESSOR_DEFINITIONS = (
					"DEBUG=1",
					"$(inherited)",
				);
				GCC_WARN_64_TO_32_BIT_CONVERSION = YES;
				GCC_WARN_ABOUT_RETURN_TYPE = YES_ERROR;
				GCC_WARN_UNDECLARED_SELECTOR = YES;
				GCC_WARN_UNINITIALIZED_AUTOS = YES_AGGRESSIVE;
				GCC_WARN_UNUSED_FUNCTION = YES;
				GCC_WARN_UNUSED_VARIABLE = YES;
				IPHONEOS_DEPLOYMENT_TARGET = 13.2;
				MTL_ENABLE_DEBUG_INFO = INCLUDE_SOURCE;
				MTL_FAST_MATH = YES;
				ONLY_ACTIVE_ARCH = YES;
				SDKROOT = iphoneos;
				SWIFT_ACTIVE_COMPILATION_CONDITIONS = DEBUG;
				SWIFT_OPTIMIZATION_LEVEL = "-Onone";
			};
			name = Debug;
		};
		943FC2FD23E1B9B800F62A54 /* Release */ = {
			isa = XCBuildConfiguration;
			buildSettings = {
				ALWAYS_SEARCH_USER_PATHS = NO;
				CLANG_ANALYZER_NONNULL = YES;
				CLANG_ANALYZER_NUMBER_OBJECT_CONVERSION = YES_AGGRESSIVE;
				CLANG_CXX_LANGUAGE_STANDARD = "gnu++14";
				CLANG_CXX_LIBRARY = "libc++";
				CLANG_ENABLE_MODULES = YES;
				CLANG_ENABLE_OBJC_ARC = YES;
				CLANG_ENABLE_OBJC_WEAK = YES;
				CLANG_WARN_BLOCK_CAPTURE_AUTORELEASING = YES;
				CLANG_WARN_BOOL_CONVERSION = YES;
				CLANG_WARN_COMMA = YES;
				CLANG_WARN_CONSTANT_CONVERSION = YES;
				CLANG_WARN_DEPRECATED_OBJC_IMPLEMENTATIONS = YES;
				CLANG_WARN_DIRECT_OBJC_ISA_USAGE = YES_ERROR;
				CLANG_WARN_DOCUMENTATION_COMMENTS = YES;
				CLANG_WARN_EMPTY_BODY = YES;
				CLANG_WARN_ENUM_CONVERSION = YES;
				CLANG_WARN_INFINITE_RECURSION = YES;
				CLANG_WARN_INT_CONVERSION = YES;
				CLANG_WARN_NON_LITERAL_NULL_CONVERSION = YES;
				CLANG_WARN_OBJC_IMPLICIT_RETAIN_SELF = YES;
				CLANG_WARN_OBJC_LITERAL_CONVERSION = YES;
				CLANG_WARN_OBJC_ROOT_CLASS = YES_ERROR;
				CLANG_WARN_RANGE_LOOP_ANALYSIS = YES;
				CLANG_WARN_STRICT_PROTOTYPES = YES;
				CLANG_WARN_SUSPICIOUS_MOVE = YES;
				CLANG_WARN_UNGUARDED_AVAILABILITY = YES_AGGRESSIVE;
				CLANG_WARN_UNREACHABLE_CODE = YES;
				CLANG_WARN__DUPLICATE_METHOD_MATCH = YES;
				COPY_PHASE_STRIP = NO;
				DEBUG_INFORMATION_FORMAT = "dwarf-with-dsym";
				ENABLE_NS_ASSERTIONS = NO;
				ENABLE_STRICT_OBJC_MSGSEND = YES;
				GCC_C_LANGUAGE_STANDARD = gnu11;
				GCC_NO_COMMON_BLOCKS = YES;
				GCC_WARN_64_TO_32_BIT_CONVERSION = YES;
				GCC_WARN_ABOUT_RETURN_TYPE = YES_ERROR;
				GCC_WARN_UNDECLARED_SELECTOR = YES;
				GCC_WARN_UNINITIALIZED_AUTOS = YES_AGGRESSIVE;
				GCC_WARN_UNUSED_FUNCTION = YES;
				GCC_WARN_UNUSED_VARIABLE = YES;
				IPHONEOS_DEPLOYMENT_TARGET = 13.2;
				MTL_ENABLE_DEBUG_INFO = NO;
				MTL_FAST_MATH = YES;
				SDKROOT = iphoneos;
				SWIFT_COMPILATION_MODE = wholemodule;
				SWIFT_OPTIMIZATION_LEVEL = "-O";
				VALIDATE_PRODUCT = YES;
			};
			name = Release;
		};
		943FC2FF23E1B9B800F62A54 /* Debug */ = {
			isa = XCBuildConfiguration;
			buildSettings = {
				ASSETCATALOG_COMPILER_APPICON_NAME = AppIcon;
				CODE_SIGN_STYLE = Automatic;
				INFOPLIST_FILE = myPortifolioIOS/Info.plist;
				LD_RUNPATH_SEARCH_PATHS = (
					"$(inherited)",
					"@executable_path/Frameworks",
				);
				PRODUCT_BUNDLE_IDENTIFIER = com.aalhsn.myPortifolioIOS;
				PRODUCT_NAME = "$(TARGET_NAME)";
				SWIFT_VERSION = 5.0;
				TARGETED_DEVICE_FAMILY = "1,2";
			};
			name = Debug;
		};
		943FC30023E1B9B800F62A54 /* Release */ = {
			isa = XCBuildConfiguration;
			buildSettings = {
				ASSETCATALOG_COMPILER_APPICON_NAME = AppIcon;
				CODE_SIGN_STYLE = Automatic;
				INFOPLIST_FILE = myPortifolioIOS/Info.plist;
				LD_RUNPATH_SEARCH_PATHS = (
					"$(inherited)",
					"@executable_path/Frameworks",
				);
				PRODUCT_BUNDLE_IDENTIFIER = com.aalhsn.myPortifolioIOS;
				PRODUCT_NAME = "$(TARGET_NAME)";
				SWIFT_VERSION = 5.0;
				TARGETED_DEVICE_FAMILY = "1,2";
			};
			name = Release;
		};
/* End XCBuildConfiguration section */

/* Begin XCConfigurationList section */
		943FC2E523E1B9B500F62A54 /* Build configuration list for PBXProject "myPortifolioIOS" */ = {
			isa = XCConfigurationList;
			buildConfigurations = (
				943FC2FC23E1B9B800F62A54 /* Debug */,
				943FC2FD23E1B9B800F62A54 /* Release */,
			);
			defaultConfigurationIsVisible = 0;
			defaultConfigurationName = Release;
		};
		943FC2FE23E1B9B800F62A54 /* Build configuration list for PBXNativeTarget "myPortifolioIOS" */ = {
			isa = XCConfigurationList;
			buildConfigurations = (
				943FC2FF23E1B9B800F62A54 /* Debug */,
				943FC30023E1B9B800F62A54 /* Release */,
			);
			defaultConfigurationIsVisible = 0;
			defaultConfigurationName = Release;
		};
/* End XCConfigurationList section */
	};
	rootObject = 943FC2E223E1B9B500F62A54 /* Project object */;
}
